
Microsoft Visual Studio Solution File, Format Version 12.00
# Visual Studio Version 16
VisualStudioVersion = 16.0.30011.22
MinimumVisualStudioVersion = 10.0.40219.1
Project("{9A19103F-16F7-4668-BE54-9A1E7A4F7556}") = "BlzTest", "BlzTest\BlzTest.csproj", "{2E8A31D0-2025-4CD3-95BB-8768C226F948}"
EndProject
Project("{FAE04EC0-301F-11D3-BF4B-00C04F79EFBC}") = "BlzTest.Data", "BlzTest.Data\BlzTest.Data.csproj", "{1FB0B87D-A782-4CE7-B147-CEE481A33818}"
EndProject
Global
	GlobalSection(SolutionConfigurationPlatforms) = preSolution
		Debug|Any CPU = Debug|Any CPU
		Release|Any CPU = Release|Any CPU
	EndGlobalSection
	GlobalSection(ProjectConfigurationPlatforms) = postSolution
		{2E8A31D0-2025-4CD3-95BB-8768C226F948}.Debug|Any CPU.ActiveCfg = Debug|Any CPU
		{2E8A31D0-2025-4CD3-95BB-8768C226F948}.Debug|Any CPU.Build.0 = Debug|Any CPU
		{2E8A31D0-2025-4CD3-95BB-8768C226F948}.Release|Any CPU.ActiveCfg = Release|Any CPU
		{2E8A31D0-2025-4CD3-95BB-8768C226F948}.Release|Any CPU.Build.0 = Release|Any CPU
		{1FB0B87D-A782-4CE7-B147-CEE481A33818}.Debug|Any CPU.ActiveCfg = Debug|Any CPU
		{1FB0B87D-A782-4CE7-B147-CEE481A33818}.Debug|Any CPU.Build.0 = Debug|Any CPU
		{1FB0B87D-A782-4CE7-B147-CEE481A33818}.Release|Any CPU.ActiveCfg = Release|Any CPU
		{1FB0B87D-A782-4CE7-B147-CEE481A33818}.Release|Any CPU.Build.0 = Release|Any CPU
	EndGlobalSection
	GlobalSection(SolutionProperties) = preSolution
		HideSolutionNode = FALSE
	EndGlobalSection
	GlobalSection(ExtensibilityGlobals) = postSolution
		SolutionGuid = {4C02D6DD-2751-4B3C-92A2-B0F2BCCAB168}
	EndGlobalSection
EndGlobal
